
Microsoft Visual Studio Solution File, Format Version 12.00
# Visual Studio Version 16
VisualStudioVersion = 16.0.31702.278
MinimumVisualStudioVersion = 10.0.40219.1
Project("{FAE04EC0-301F-11D3-BF4B-00C04F79EFBC}") = "FinalProject Customer", "FinalProject Customer.csproj", "{095D46A5-477D-43D3-B6D4-1755C197598C}"
EndProject
Global
	GlobalSection(SolutionConfigurationPlatforms) = preSolution
		Debug|Any CPU = Debug|Any CPU
		Release|Any CPU = Release|Any CPU
	EndGlobalSection
	GlobalSection(ProjectConfigurationPlatforms) = postSolution
		{095D46A5-477D-43D3-B6D4-1755C197598C}.Debug|Any CPU.ActiveCfg = Debug|Any CPU
		{095D46A5-477D-43D3-B6D4-1755C197598C}.Debug|Any CPU.Build.0 = Debug|Any CPU
		{095D46A5-477D-43D3-B6D4-1755C197598C}.Release|Any CPU.ActiveCfg = Release|Any CPU
		{095D46A5-477D-43D3-B6D4-1755C197598C}.Release|Any CPU.Build.0 = Release|Any CPU
	EndGlobalSection
	GlobalSection(SolutionProperties) = preSolution
		HideSolutionNode = FALSE
	EndGlobalSection
	GlobalSection(ExtensibilityGlobals) = postSolution
		SolutionGuid = {0DA877B1-1E5C-4EF7-90EA-105AEE7A1C5E}
	EndGlobalSection
EndGlobal
